{
  "name": "feistel",
  "version": "1.0.0",
  "lockfileVersion": 2,
  "requires": true,
  "packages": {
    "": {
      "version": "1.0.0",
      "license": "ISC",
      "dependencies": {
        "bitwise-rotation": "^1.0.1"
      }
    },
    "node_modules/bitwise-rotation": {
      "version": "1.0.1",
      "resolved": "https://registry.npmjs.org/bitwise-rotation/-/bitwise-rotation-1.0.1.tgz",
      "integrity": "sha1-CRNp/0bMyEfYlEDhSI3NcQiN51c=",
      "engines": {
        "node": ">=6.0.0"
      }
    }
  },
  "dependencies": {
    "bitwise-rotation": {
      "version": "1.0.1",
      "resolved": "https://registry.npmjs.org/bitwise-rotation/-/bitwise-rotation-1.0.1.tgz",
      "integrity": "sha1-CRNp/0bMyEfYlEDhSI3NcQiN51c="
    }
  }
}
